
Microsoft Visual Studio Solution File, Format Version 12.00
# Visual Studio 15
VisualStudioVersion = 15.0.27130.2010
MinimumVisualStudioVersion = 10.0.40219.1
Project("{F2A71F9B-5D33-465A-A702-920D77279786}") = "MonotonicityCoeffects", "MonotonicityCoeffects\MonotonicityCoeffects.fsproj", "{12E89AA8-D7F7-48A4-ADC5-A9F0640DA2A9}"
EndProject
Global
	GlobalSection(SolutionConfigurationPlatforms) = preSolution
		Debug|Any CPU = Debug|Any CPU
		Release|Any CPU = Release|Any CPU
	EndGlobalSection
	GlobalSection(ProjectConfigurationPlatforms) = postSolution
		{12E89AA8-D7F7-48A4-ADC5-A9F0640DA2A9}.Debug|Any CPU.ActiveCfg = Debug|Any CPU
		{12E89AA8-D7F7-48A4-ADC5-A9F0640DA2A9}.Debug|Any CPU.Build.0 = Debug|Any CPU
		{12E89AA8-D7F7-48A4-ADC5-A9F0640DA2A9}.Release|Any CPU.ActiveCfg = Release|Any CPU
		{12E89AA8-D7F7-48A4-ADC5-A9F0640DA2A9}.Release|Any CPU.Build.0 = Release|Any CPU
	EndGlobalSection
	GlobalSection(SolutionProperties) = preSolution
		HideSolutionNode = FALSE
	EndGlobalSection
	GlobalSection(ExtensibilityGlobals) = postSolution
		SolutionGuid = {6FA60E8A-2D08-4049-A0D4-8A702916926C}
	EndGlobalSection
EndGlobal
